
Microsoft Visual Studio Solution File, Format Version 12.00
# Visual Studio Version 16
VisualStudioVersion = 16.0.31613.86
MinimumVisualStudioVersion = 10.0.40219.1
Project("{FAE04EC0-301F-11D3-BF4B-00C04F79EFBC}") = "TaskService", "TaskService.csproj", "{4057178C-2DAF-4D49-914A-E34E535F2704}"
EndProject
Global
	GlobalSection(SolutionConfigurationPlatforms) = preSolution
		Debug|Any CPU = Debug|Any CPU
		Release|Any CPU = Release|Any CPU
	EndGlobalSection
	GlobalSection(ProjectConfigurationPlatforms) = postSolution
		{4057178C-2DAF-4D49-914A-E34E535F2704}.Debug|Any CPU.ActiveCfg = Debug|Any CPU
		{4057178C-2DAF-4D49-914A-E34E535F2704}.Debug|Any CPU.Build.0 = Debug|Any CPU
		{4057178C-2DAF-4D49-914A-E34E535F2704}.Release|Any CPU.ActiveCfg = Release|Any CPU
		{4057178C-2DAF-4D49-914A-E34E535F2704}.Release|Any CPU.Build.0 = Release|Any CPU
	EndGlobalSection
	GlobalSection(SolutionProperties) = preSolution
		HideSolutionNode = FALSE
	EndGlobalSection
	GlobalSection(ExtensibilityGlobals) = postSolution
		SolutionGuid = {839EC8C0-3EBC-4DBF-8C22-FB955A2FD3F4}
	EndGlobalSection
EndGlobal
